// !$*UTF8*$!
{
	archiveVersion = 1;
	classes = {
	};
	objectVersion = 46;
	objects = {

/* Begin PBXBuildFile section */
		1F0757021DF6C6DE00571F0C /* main.m in Sources */ = {isa = PBXBuildFile; fileRef = 1F0757011DF6C6DE00571F0C /* main.m */; };
		1F0757051DF6C6DE00571F0C /* AppDelegate.m in Sources */ = {isa = PBXBuildFile; fileRef = 1F0757041DF6C6DE00571F0C /* AppDelegate.m */; };
		1F0757081DF6C6DE00571F0C /* ViewController.m in Sources */ = {isa = PBXBuildFile; fileRef = 1F0757071DF6C6DE00571F0C /* ViewController.m */; };
		1F07570B1DF6C6DE00571F0C /* Main.storyboard in Resources */ = {isa = PBXBuildFile; fileRef = 1F0757091DF6C6DE00571F0C /* Main.storyboard */; };
		1F07570D1DF6C6DE00571F0C /* Assets.xcassets in Resources */ = {isa = PBXBuildFile; fileRef = 1F07570C1DF6C6DE00571F0C /* Assets.xcassets */; };
		1F0757101DF6C6DE00571F0C /* LaunchScreen.storyboard in Resources */ = {isa = PBXBuildFile; fileRef = 1F07570E1DF6C6DE00571F0C /* LaunchScreen.storyboard */; };
		1F0757201DF6C74500571F0C /* AnimatedTool.m in Sources */ = {isa = PBXBuildFile; fileRef = 1F0757191DF6C74500571F0C /* AnimatedTool.m */; };
		1F0757211DF6C74500571F0C /* CABasicAnimationDemo.m in Sources */ = {isa = PBXBuildFile; fileRef = 1F07571B1DF6C74500571F0C /* CABasicAnimationDemo.m */; };
		1F0757221DF6C74500571F0C /* CAKeyframeAnimationDemo.m in Sources */ = {isa = PBXBuildFile; fileRef = 1F07571D1DF6C74500571F0C /* CAKeyframeAnimationDemo.m */; };
		1F0757231DF6C74500571F0C /* CATransitionDemo.m in Sources */ = {isa = PBXBuildFile; fileRef = 1F07571F1DF6C74500571F0C /* CATransitionDemo.m */; };
		1F0757261DF7A93600571F0C /* WingedbeanView.m in Sources */ = {isa = PBXBuildFile; fileRef = 1F0757251DF7A93600571F0C /* WingedbeanView.m */; };
		1FC023DE1DF763290007B0CD /* AnimatedProgressView.m in Sources */ = {isa = PBXBuildFile; fileRef = 1FC023DD1DF763290007B0CD /* AnimatedProgressView.m */; };
		B10100CBC791E346BF091122 /* libPods-POPAnimationDemo.a in Frameworks */ = {isa = PBXBuildFile; fileRef = 68B45F62593348BE326826D8 /* libPods-POPAnimationDemo.a */; };
/* End PBXBuildFile section */

/* Begin PBXFileReference section */
		0FDC02464816E24A4B59422C /* Pods-POPAnimationDemo.debug.xcconfig */ = {isa = PBXFileReference; includeInIndex = 1; lastKnownFileType = text.xcconfig; name = "Pods-POPAnimationDemo.debug.xcconfig"; path = "Pods/Target Support Files/Pods-POPAnimationDemo/Pods-POPAnimationDemo.debug.xcconfig"; sourceTree = "<group>"; };
		1F0756FD1DF6C6DE00571F0C /* POPAnimationDemo.app */ = {isa = PBXFileReference; explicitFileType = wrapper.application; includeInIndex = 0; path = POPAnimationDemo.app; sourceTree = BUILT_PRODUCTS_DIR; };
		1F0757011DF6C6DE00571F0C /* main.m */ = {isa = PBXFileReference; lastKnownFileType = sourcecode.c.objc; path = main.m; sourceTree = "<group>"; };
		1F0757031DF6C6DE00571F0C /* AppDelegate.h */ = {isa = PBXFileReference; lastKnownFileType = sourcecode.c.h; path = AppDelegate.h; sourceTree = "<group>"; };
		1F0757041DF6C6DE00571F0C /* AppDelegate.m */ = {isa = PBXFileReference; lastKnownFileType = sourcecode.c.objc; path = AppDelegate.m; sourceTree = "<group>"; };
		1F0757061DF6C6DE00571F0C /* ViewController.h */ = {isa = PBXFileReference; lastKnownFileType = sourcecode.c.h; path = ViewController.h; sourceTree = "<group>"; };
		1F0757071DF6C6DE00571F0C /* ViewController.m */ = {isa = PBXFileReference; lastKnownFileType = sourcecode.c.objc; path = ViewController.m; sourceTree = "<group>"; };
		1F07570A1DF6C6DE00571F0C /* Base */ = {isa = PBXFileReference; lastKnownFileType = file.storyboard; name = Base; path = Base.lproj/Main.storyboard; sourceTree = "<group>"; };
		1F07570C1DF6C6DE00571F0C /* Assets.xcassets */ = {isa = PBXFileReference; lastKnownFileType = folder.assetcatalog; path = Assets.xcassets; sourceTree = "<group>"; };
		1F07570F1DF6C6DE00571F0C /* Base */ = {isa = PBXFileReference; lastKnownFileType = file.storyboard; name = Base; path = Base.lproj/LaunchScreen.storyboard; sourceTree = "<group>"; };
		1F0757111DF6C6DE00571F0C /* Info.plist */ = {isa = PBXFileReference; lastKnownFileType = text.plist.xml; path = Info.plist; sourceTree = "<group>"; };
		1F0757181DF6C74500571F0C /* AnimatedTool.h */ = {isa = PBXFileReference; fileEncoding = 4; lastKnownFileType = sourcecode.c.h; path = AnimatedTool.h; sourceTree = "<group>"; };
		1F0757191DF6C74500571F0C /* AnimatedTool.m */ = {isa = PBXFileReference; fileEncoding = 4; lastKnownFileType = sourcecode.c.objc; path = AnimatedTool.m; sourceTree = "<group>"; };
		1F07571A1DF6C74500571F0C /* CABasicAnimationDemo.h */ = {isa = PBXFileReference; fileEncoding = 4; lastKnownFileType = sourcecode.c.h; path = CABasicAnimationDemo.h; sourceTree = "<group>"; };
		1F07571B1DF6C74500571F0C /* CABasicAnimationDemo.m */ = {isa = PBXFileReference; fileEncoding = 4; lastKnownFileType = sourcecode.c.objc; path = CABasicAnimationDemo.m; sourceTree = "<group>"; };
		1F07571C1DF6C74500571F0C /* CAKeyframeAnimationDemo.h */ = {isa = PBXFileReference; fileEncoding = 4; lastKnownFileType = sourcecode.c.h; path = CAKeyframeAnimationDemo.h; sourceTree = "<group>"; };
		1F07571D1DF6C74500571F0C /* CAKeyframeAnimationDemo.m */ = {isa = PBXFileReference; fileEncoding = 4; lastKnownFileType = sourcecode.c.objc; path = CAKeyframeAnimationDemo.m; sourceTree = "<group>"; };
		1F07571E1DF6C74500571F0C /* CATransitionDemo.h */ = {isa = PBXFileReference; fileEncoding = 4; lastKnownFileType = sourcecode.c.h; path = CATransitionDemo.h; sourceTree = "<group>"; };
		1F07571F1DF6C74500571F0C /* CATransitionDemo.m */ = {isa = PBXFileReference; fileEncoding = 4; lastKnownFileType = sourcecode.c.objc; path = CATransitionDemo.m; sourceTree = "<group>"; };
		1F0757241DF7A93600571F0C /* WingedbeanView.h */ = {isa = PBXFileReference; fileEncoding = 4; lastKnownFileType = sourcecode.c.h; path = WingedbeanView.h; sourceTree = "<group>"; };
		1F0757251DF7A93600571F0C /* WingedbeanView.m */ = {isa = PBXFileReference; fileEncoding = 4; lastKnownFileType = sourcecode.c.objc; path = WingedbeanView.m; sourceTree = "<group>"; };
		1FC023DC1DF763290007B0CD /* AnimatedProgressView.h */ = {isa = PBXFileReference; fileEncoding = 4; lastKnownFileType = sourcecode.c.h; path = AnimatedProgressView.h; sourceTree = "<group>"; };
		1FC023DD1DF763290007B0CD /* AnimatedProgressView.m */ = {isa = PBXFileReference; fileEncoding = 4; lastKnownFileType = sourcecode.c.objc; path = AnimatedProgressView.m; sourceTree = "<group>"; };
		68B45F62593348BE326826D8 /* libPods-POPAnimationDemo.a */ = {isa = PBXFileReference; explicitFileType = archive.ar; includeInIndex = 0; path = "libPods-POPAnimationDemo.a"; sourceTree = BUILT_PRODUCTS_DIR; };
		D00765ECB741DCF0A47831C8 /* Pods-POPAnimationDemo.release.xcconfig */ = {isa = PBXFileReference; includeInIndex = 1; lastKnownFileType = text.xcconfig; name = "Pods-POPAnimationDemo.release.xcconfig"; path = "Pods/Target Support Files/Pods-POPAnimationDemo/Pods-POPAnimationDemo.release.xcconfig"; sourceTree = "<group>"; };
/* End PBXFileReference section */

/* Begin PBXFrameworksBuildPhase section */
		1F0756FA1DF6C6DE00571F0C /* Frameworks */ = {
			isa = PBXFrameworksBuildPhase;
			buildActionMask = 2147483647;
			files = (
				B10100CBC791E346BF091122 /* libPods-POPAnimationDemo.a in Frameworks */,
			);
			runOnlyForDeploymentPostprocessing = 0;
		};
/* End PBXFrameworksBuildPhase section */

/* Begin PBXGroup section */
		1F0756F41DF6C6DE00571F0C = {
			isa = PBXGroup;
			children = (
				1F0756FF1DF6C6DE00571F0C /* POPAnimationDemo */,
				1F0756FE1DF6C6DE00571F0C /* Products */,
				8AE5DC40C28CF012BA0541E2 /* Pods */,
				44E6D69EEE436D05EA97B128 /* Frameworks */,
			);
			sourceTree = "<group>";
		};
		1F0756FE1DF6C6DE00571F0C /* Products */ = {
			isa = PBXGroup;
			children = (
				1F0756FD1DF6C6DE00571F0C /* POPAnimationDemo.app */,
			);
			name = Products;
			sourceTree = "<group>";
		};
		1F0756FF1DF6C6DE00571F0C /* POPAnimationDemo */ = {
			isa = PBXGroup;
			children = (
				1F0757241DF7A93600571F0C /* WingedbeanView.h */,
				1F0757251DF7A93600571F0C /* WingedbeanView.m */,
				1F0757061DF6C6DE00571F0C /* ViewController.h */,
				1F0757071DF6C6DE00571F0C /* ViewController.m */,
				1F0757171DF6C74500571F0C /* Animation */,
				1F0757001DF6C6DE00571F0C /* Supporting Files */,
			);
			path = POPAnimationDemo;
			sourceTree = "<group>";
		};
		1F0757001DF6C6DE00571F0C /* Supporting Files */ = {
			isa = PBXGroup;
			children = (
				1F0757031DF6C6DE00571F0C /* AppDelegate.h */,
				1F0757041DF6C6DE00571F0C /* AppDelegate.m */,
				1F0757091DF6C6DE00571F0C /* Main.storyboard */,
				1F07570C1DF6C6DE00571F0C /* Assets.xcassets */,
				1F07570E1DF6C6DE00571F0C /* LaunchScreen.storyboard */,
				1F0757111DF6C6DE00571F0C /* Info.plist */,
				1F0757011DF6C6DE00571F0C /* main.m */,
			);
			name = "Supporting Files";
			sourceTree = "<group>";
		};
		1F0757171DF6C74500571F0C /* Animation */ = {
			isa = PBXGroup;
			children = (
				1F0757181DF6C74500571F0C /* AnimatedTool.h */,
				1F0757191DF6C74500571F0C /* AnimatedTool.m */,
				1F07571A1DF6C74500571F0C /* CABasicAnimationDemo.h */,
				1F07571B1DF6C74500571F0C /* CABasicAnimationDemo.m */,
				1F07571C1DF6C74500571F0C /* CAKeyframeAnimationDemo.h */,
				1F07571D1DF6C74500571F0C /* CAKeyframeAnimationDemo.m */,
				1F07571E1DF6C74500571F0C /* CATransitionDemo.h */,
				1F07571F1DF6C74500571F0C /* CATransitionDemo.m */,
				1FC023DC1DF763290007B0CD /* AnimatedProgressView.h */,
				1FC023DD1DF763290007B0CD /* AnimatedProgressView.m */,
			);
			path = Animation;
			sourceTree = "<group>";
		};
		44E6D69EEE436D05EA97B128 /* Frameworks */ = {
			isa = PBXGroup;
			children = (
				68B45F62593348BE326826D8 /* libPods-POPAnimationDemo.a */,
			);
			name = Frameworks;
			sourceTree = "<group>";
		};
		8AE5DC40C28CF012BA0541E2 /* Pods */ = {
			isa = PBXGroup;
			children = (
				0FDC02464816E24A4B59422C /* Pods-POPAnimationDemo.debug.xcconfig */,
				D00765ECB741DCF0A47831C8 /* Pods-POPAnimationDemo.release.xcconfig */,
			);
			name = Pods;
			sourceTree = "<group>";
		};
/* End PBXGroup section */

/* Begin PBXNativeTarget section */
		1F0756FC1DF6C6DE00571F0C /* POPAnimationDemo */ = {
			isa = PBXNativeTarget;
			buildConfigurationList = 1F0757141DF6C6DE00571F0C /* Build configuration list for PBXNativeTarget "POPAnimationDemo" */;
			buildPhases = (
				1F9D454D5A52D71F574A7255 /* [CP] Check Pods Manifest.lock */,
				1F0756F91DF6C6DE00571F0C /* Sources */,
				1F0756FA1DF6C6DE00571F0C /* Frameworks */,
				1F0756FB1DF6C6DE00571F0C /* Resources */,
				91F9C28D1AB02465D613AFBE /* [CP] Embed Pods Frameworks */,
				54FAC87781EC086EF3DC3575 /* [CP] Copy Pods Resources */,
			);
			buildRules = (
			);
			dependencies = (
			);
			name = POPAnimationDemo;
			productName = POPAnimationDemo;
			productReference = 1F0756FD1DF6C6DE00571F0C /* POPAnimationDemo.app */;
			productType = "com.apple.product-type.application";
		};
/* End PBXNativeTarget section */

/* Begin PBXProject section */
		1F0756F51DF6C6DE00571F0C /* Project object */ = {
			isa = PBXProject;
			attributes = {
				LastUpgradeCheck = 0810;
				ORGANIZATIONNAME = lcjingdi;
				TargetAttributes = {
					1F0756FC1DF6C6DE00571F0C = {
						CreatedOnToolsVersion = 8.1;
						DevelopmentTeam = 99PJ6X3Z7H;
						ProvisioningStyle = Automatic;
					};
				};
			};
			buildConfigurationList = 1F0756F81DF6C6DE00571F0C /* Build configuration list for PBXProject "POPAnimationDemo" */;
			compatibilityVersion = "Xcode 3.2";
			developmentRegion = English;
			hasScannedForEncodings = 0;
			knownRegions = (
				en,
				Base,
			);
			mainGroup = 1F0756F41DF6C6DE00571F0C;
			productRefGroup = 1F0756FE1DF6C6DE00571F0C /* Products */;
			projectDirPath = "";
			projectRoot = "";
			targets = (
				1F0756FC1DF6C6DE00571F0C /* POPAnimationDemo */,
			);
		};
/* End PBXProject section */

/* Begin PBXResourcesBuildPhase section */
		1F0756FB1DF6C6DE00571F0C /* Resources */ = {
			isa = PBXResourcesBuildPhase;
			buildActionMask = 2147483647;
			files = (
				1F0757101DF6C6DE00571F0C /* LaunchScreen.storyboard in Resources */,
				1F07570D1DF6C6DE00571F0C /* Assets.xcassets in Resources */,
				1F07570B1DF6C6DE00571F0C /* Main.storyboard in Resources */,
			);
			runOnlyForDeploymentPostprocessing = 0;
		};
/* End PBXResourcesBuildPhase section */

/* Begin PBXShellScriptBuildPhase section */
		1F9D454D5A52D71F574A7255 /* [CP] Check Pods Manifest.lock */ = {
			isa = PBXShellScriptBuildPhase;
			buildActionMask = 2147483647;
			files = (
			);
			inputPaths = (
			);
			name = "[CP] Check Pods Manifest.lock";
			outputPaths = (
			);
			runOnlyForDeploymentPostprocessing = 0;
			shellPath = /bin/sh;
			shellScript = "diff \"${PODS_ROOT}/../Podfile.lock\" \"${PODS_ROOT}/Manifest.lock\" > /dev/null\nif [[ $? != 0 ]] ; then\n    cat << EOM\nerror: The sandbox is not in sync with the Podfile.lock. Run 'pod install' or update your CocoaPods installation.\nEOM\n    exit 1\nfi\n";
			showEnvVarsInLog = 0;
		};
		54FAC87781EC086EF3DC3575 /* [CP] Copy Pods Resources */ = {
			isa = PBXShellScriptBuildPhase;
			buildActionMask = 2147483647;
			files = (
			);
			inputPaths = (
			);
			name = "[CP] Copy Pods Resources";
			outputPaths = (
			);
			runOnlyForDeploymentPostprocessing = 0;
			shellPath = /bin/sh;
			shellScript = "\"${SRCROOT}/Pods/Target Support Files/Pods-POPAnimationDemo/Pods-POPAnimationDemo-resources.sh\"\n";
			showEnvVarsInLog = 0;
		};
		91F9C28D1AB02465D613AFBE /* [CP] Embed Pods Frameworks */ = {
			isa = PBXShellScriptBuildPhase;
			buildActionMask = 2147483647;
			files = (
			);
			inputPaths = (
			);
			name = "[CP] Embed Pods Frameworks";
			outputPaths = (
			);
			runOnlyForDeploymentPostprocessing = 0;
			shellPath = /bin/sh;
			shellScript = "\"${SRCROOT}/Pods/Target Support Files/Pods-POPAnimationDemo/Pods-POPAnimationDemo-frameworks.sh\"\n";
			showEnvVarsInLog = 0;
		};
/* End PBXShellScriptBuildPhase section */

/* Begin PBXSourcesBuildPhase section */
		1F0756F91DF6C6DE00571F0C /* Sources */ = {
			isa = PBXSourcesBuildPhase;
			buildActionMask = 2147483647;
			files = (
				1F0757081DF6C6DE00571F0C /* ViewController.m in Sources */,
				1F0757261DF7A93600571F0C /* WingedbeanView.m in Sources */,
				1F0757231DF6C74500571F0C /* CATransitionDemo.m in Sources */,
				1F0757221DF6C74500571F0C /* CAKeyframeAnimationDemo.m in Sources */,
				1F0757051DF6C6DE00571F0C /* AppDelegate.m in Sources */,
				1FC023DE1DF763290007B0CD /* AnimatedProgressView.m in Sources */,
				1F0757201DF6C74500571F0C /* AnimatedTool.m in Sources */,
				1F0757021DF6C6DE00571F0C /* main.m in Sources */,
				1F0757211DF6C74500571F0C /* CABasicAnimationDemo.m in Sources */,
			);
			runOnlyForDeploymentPostprocessing = 0;
		};
/* End PBXSourcesBuildPhase section */

/* Begin PBXVariantGroup section */
		1F0757091DF6C6DE00571F0C /* Main.storyboard */ = {
			isa = PBXVariantGroup;
			children = (
				1F07570A1DF6C6DE00571F0C /* Base */,
			);
			name = Main.storyboard;
			sourceTree = "<group>";
		};
		1F07570E1DF6C6DE00571F0C /* LaunchScreen.storyboard */ = {
			isa = PBXVariantGroup;
			children = (
				1F07570F1DF6C6DE00571F0C /* Base */,
			);
			name = LaunchScreen.storyboard;
			sourceTree = "<group>";
		};
/* End PBXVariantGroup section */

/* Begin XCBuildConfiguration section */
		1F0757121DF6C6DE00571F0C /* Debug */ = {
			isa = XCBuildConfiguration;
			buildSettings = {
				ALWAYS_SEARCH_USER_PATHS = NO;
				CLANG_ANALYZER_NONNULL = YES;
				CLANG_CXX_LANGUAGE_STANDARD = "gnu++0x";
				CLANG_CXX_LIBRARY = "libc++";
				CLANG_ENABLE_MODULES = YES;
				CLANG_ENABLE_OBJC_ARC = YES;
				CLANG_WARN_BOOL_CONVERSION = YES;
				CLANG_WARN_CONSTANT_CONVERSION = YES;
				CLANG_WARN_DIRECT_OBJC_ISA_USAGE = YES_ERROR;
				CLANG_WARN_DOCUMENTATION_COMMENTS = YES;
				CLANG_WARN_EMPTY_BODY = YES;
				CLANG_WARN_ENUM_CONVERSION = YES;
				CLANG_WARN_INFINITE_RECURSION = YES;
				CLANG_WARN_INT_CONVERSION = YES;
				CLANG_WARN_OBJC_ROOT_CLASS = YES_ERROR;
				CLANG_WARN_SUSPICIOUS_MOVES = YES;
				CLANG_WARN_UNREACHABLE_CODE = YES;
				CLANG_WARN__DUPLICATE_METHOD_MATCH = YES;
				"CODE_SIGN_IDENTITY[sdk=iphoneos*]" = "iPhone Developer";
				COPY_PHASE_STRIP = NO;
				DEBUG_INFORMATION_FORMAT = dwarf;
				ENABLE_STRICT_OBJC_MSGSEND = YES;
				ENABLE_TESTABILITY = YES;
				GCC_C_LANGUAGE_STANDARD = gnu99;
				GCC_DYNAMIC_NO_PIC = NO;
				GCC_NO_COMMON_BLOCKS = YES;
				GCC_OPTIMIZATION_LEVEL = 0;
				GCC_PREPROCESSOR_DEFINITIONS = (
					"DEBUG=1",
					"$(inherited)",
				);
				GCC_WARN_64_TO_32_BIT_CONVERSION = YES;
				GCC_WARN_ABOUT_RETURN_TYPE = YES_ERROR;
				GCC_WARN_UNDECLARED_SELECTOR = YES;
				GCC_WARN_UNINITIALIZED_AUTOS = YES_AGGRESSIVE;
				GCC_WARN_UNUSED_FUNCTION = YES;
				GCC_WARN_UNUSED_VARIABLE = YES;
				IPHONEOS_DEPLOYMENT_TARGET = 10.1;
				MTL_ENABLE_DEBUG_INFO = YES;
				ONLY_ACTIVE_ARCH = YES;
				SDKROOT = iphoneos;
			};
			name = Debug;
		};
		1F0757131DF6C6DE00571F0C /* Release */ = {
			isa = XCBuildConfiguration;
			buildSettings = {
				ALWAYS_SEARCH_USER_PATHS = NO;
				CLANG_ANALYZER_NONNULL = YES;
				CLANG_CXX_LANGUAGE_STANDARD = "gnu++0x";
				CLANG_CXX_LIBRARY = "libc++";
				CLANG_ENABLE_MODULES = YES;
				CLANG_ENABLE_OBJC_ARC = YES;
				CLANG_WARN_BOOL_CONVERSION = YES;
				CLANG_WARN_CONSTANT_CONVERSION = YES;
				CLANG_WARN_DIRECT_OBJC_ISA_USAGE = YES_ERROR;
				CLANG_WARN_DOCUMENTATION_COMMENTS = YES;
				CLANG_WARN_EMPTY_BODY = YES;
				CLANG_WARN_ENUM_CONVERSION = YES;
				CLANG_WARN_INFINITE_RECURSION = YES;
				CLANG_WARN_INT_CONVERSION = YES;
				CLANG_WARN_OBJC_ROOT_CLASS = YES_ERROR;
				CLANG_WARN_SUSPICIOUS_MOVES = YES;
				CLANG_WARN_UNREACHABLE_CODE = YES;
				CLANG_WARN__DUPLICATE_METHOD_MATCH = YES;
				"CODE_SIGN_IDENTITY[sdk=iphoneos*]" = "iPhone Developer";
				COPY_PHASE_STRIP = NO;
				DEBUG_INFORMATION_FORMAT = "dwarf-with-dsym";
				ENABLE_NS_ASSERTIONS = NO;
				ENABLE_STRICT_OBJC_MSGSEND = YES;
				GCC_C_LANGUAGE_STANDARD = gnu99;
				GCC_NO_COMMON_BLOCKS = YES;
				GCC_WARN_64_TO_32_BIT_CONVERSION = YES;
				GCC_WARN_ABOUT_RETURN_TYPE = YES_ERROR;
				GCC_WARN_UNDECLARED_SELECTOR = YES;
				GCC_WARN_UNINITIALIZED_AUTOS = YES_AGGRESSIVE;
				GCC_WARN_UNUSED_FUNCTION = YES;
				GCC_WARN_UNUSED_VARIABLE = YES;
				IPHONEOS_DEPLOYMENT_TARGET = 10.1;
				MTL_ENABLE_DEBUG_INFO = NO;
				SDKROOT = iphoneos;
				VALIDATE_PRODUCT = YES;
			};
			name = Release;
		};
		1F0757151DF6C6DE00571F0C /* Debug */ = {
			isa = XCBuildConfiguration;
			baseConfigurationReference = 0FDC02464816E24A4B59422C /* Pods-POPAnimationDemo.debug.xcconfig */;
			buildSettings = {
				ASSETCATALOG_COMPILER_APPICON_NAME = AppIcon;
				DEVELOPMENT_TEAM = 99PJ6X3Z7H;
				INFOPLIST_FILE = POPAnimationDemo/Info.plist;
				IPHONEOS_DEPLOYMENT_TARGET = 8.0;
				LD_RUNPATH_SEARCH_PATHS = "$(inherited) @executable_path/Frameworks";
				PRODUCT_BUNDLE_IDENTIFIER = com.example.POPAnimationDemo;
				PRODUCT_NAME = "$(TARGET_NAME)";
			};
			name = Debug;
		};
		1F0757161DF6C6DE00571F0C /* Release */ = {
			isa = XCBuildConfiguration;
			baseConfigurationReference = D00765ECB741DCF0A47831C8 /* Pods-POPAnimationDemo.release.xcconfig */;
			buildSettings = {
				ASSETCATALOG_COMPILER_APPICON_NAME = AppIcon;
				DEVELOPMENT_TEAM = 99PJ6X3Z7H;
				INFOPLIST_FILE = POPAnimationDemo/Info.plist;
				IPHONEOS_DEPLOYMENT_TARGET = 8.0;
				LD_RUNPATH_SEARCH_PATHS = "$(inherited) @executable_path/Frameworks";
				PRODUCT_BUNDLE_IDENTIFIER = com.example.POPAnimationDemo;
				PRODUCT_NAME = "$(TARGET_NAME)";
			};
			name = Release;
		};
/* End XCBuildConfiguration section */

/* Begin XCConfigurationList section */
		1F0756F81DF6C6DE00571F0C /* Build configuration list for PBXProject "POPAnimationDemo" */ = {
			isa = XCConfigurationList;
			buildConfigurations = (
				1F0757121DF6C6DE00571F0C /* Debug */,
				1F0757131DF6C6DE00571F0C /* Release */,
			);
			defaultConfigurationIsVisible = 0;
			defaultConfigurationName = Release;
		};
		1F0757141DF6C6DE00571F0C /* Build configuration list for PBXNativeTarget "POPAnimationDemo" */ = {
			isa = XCConfigurationList;
			buildConfigurations = (
				1F0757151DF6C6DE00571F0C /* Debug */,
				1F0757161DF6C6DE00571F0C /* Release */,
			);
			defaultConfigurationIsVisible = 0;
			defaultConfigurationName = Release;
		};
/* End XCConfigurationList section */
	};
	rootObject = 1F0756F51DF6C6DE00571F0C /* Project object */;
}
